
Microsoft Visual Studio Solution File, Format Version 10.00
# Visual Studio 2008
Project("{FAE04EC0-301F-11D3-BF4B-00C04F79EFBC}") = "ReportsApplication1", "ReportsApplication1\ReportsApplication1.csproj", "{622B900C-15B0-416F-9910-08CD62EFA424}"
EndProject
Project("{54435603-DBB4-11D2-8724-00A0C9A8B90C}") = "Setup1", "Setup1\Setup1.vdproj", "{79EE7455-0588-461A-9706-72E9CB0ABF50}"
EndProject
Global
	GlobalSection(SourceCodeControl) = preSolution
		SccNumberOfProjects = 3
		SccLocalPath0 = .
		SccProjectUniqueName1 = ReportsApplication1\\ReportsApplication1.csproj
		SccLocalPath1 = .
		SccProjectFilePathRelativizedFromConnection1 = ReportsApplication1\\
		SccProjectUniqueName2 = Setup1\\Setup1.vdproj
		SccLocalPath2 = .
		SccProjectFilePathRelativizedFromConnection2 = Setup1\\
	EndGlobalSection
	GlobalSection(SolutionConfigurationPlatforms) = preSolution
		Debug|Any CPU = Debug|Any CPU
		Release|Any CPU = Release|Any CPU
	EndGlobalSection
	GlobalSection(ProjectConfigurationPlatforms) = postSolution
		{622B900C-15B0-416F-9910-08CD62EFA424}.Debug|Any CPU.ActiveCfg = Debug|Any CPU
		{622B900C-15B0-416F-9910-08CD62EFA424}.Debug|Any CPU.Build.0 = Debug|Any CPU
		{622B900C-15B0-416F-9910-08CD62EFA424}.Release|Any CPU.ActiveCfg = Release|Any CPU
		{622B900C-15B0-416F-9910-08CD62EFA424}.Release|Any CPU.Build.0 = Release|Any CPU
		{79EE7455-0588-461A-9706-72E9CB0ABF50}.Debug|Any CPU.ActiveCfg = Debug
		{79EE7455-0588-461A-9706-72E9CB0ABF50}.Release|Any CPU.ActiveCfg = Release
	EndGlobalSection
	GlobalSection(SolutionProperties) = preSolution
		HideSolutionNode = FALSE
	EndGlobalSection
EndGlobal
